
Microsoft Visual Studio Solution File, Format Version 12.00
# Visual Studio Version 17
VisualStudioVersion = 17.0.31903.59
MinimumVisualStudioVersion = 10.0.40219.1
Project("{FAE04EC0-301F-11D3-BF4B-00C04F79EFBC}") = "Template.Application", "src\Template.Application\Template.Application.csproj", "{EBEBD24C-0893-4373-B4D6-E30DED3FEB2B}"
EndProject
Global
	GlobalSection(SolutionConfigurationPlatforms) = preSolution
		Debug|Any CPU = Debug|Any CPU
		Release|Any CPU = Release|Any CPU
	EndGlobalSection
	GlobalSection(SolutionProperties) = preSolution
		HideSolutionNode = FALSE
	EndGlobalSection
	GlobalSection(ProjectConfigurationPlatforms) = postSolution
		{EBEBD24C-0893-4373-B4D6-E30DED3FEB2B}.Debug|Any CPU.ActiveCfg = Debug|Any CPU
		{EBEBD24C-0893-4373-B4D6-E30DED3FEB2B}.Debug|Any CPU.Build.0 = Debug|Any CPU
		{EBEBD24C-0893-4373-B4D6-E30DED3FEB2B}.Release|Any CPU.ActiveCfg = Release|Any CPU
		{EBEBD24C-0893-4373-B4D6-E30DED3FEB2B}.Release|Any CPU.Build.0 = Release|Any CPU
	EndGlobalSection
EndGlobal
